// !$*UTF8*$!
{
	archiveVersion = 1;
	classes = {
	};
	objectVersion = 55;
	objects = {

/* Begin PBXBuildFile section */
		550FC7592805CC5B00261CB8 /* AppDelegate.swift in Sources */ = {isa = PBXBuildFile; fileRef = 550FC7582805CC5B00261CB8 /* AppDelegate.swift */; };
		550FC75B2805CC5B00261CB8 /* SceneDelegate.swift in Sources */ = {isa = PBXBuildFile; fileRef = 550FC75A2805CC5B00261CB8 /* SceneDelegate.swift */; };
		550FC75D2805CC5B00261CB8 /* ViewController.swift in Sources */ = {isa = PBXBuildFile; fileRef = 550FC75C2805CC5B00261CB8 /* ViewController.swift */; };
		550FC7602805CC5B00261CB8 /* Main.storyboard in Resources */ = {isa = PBXBuildFile; fileRef = 550FC75E2805CC5B00261CB8 /* Main.storyboard */; };
		550FC7622805CC5C00261CB8 /* Assets.xcassets in Resources */ = {isa = PBXBuildFile; fileRef = 550FC7612805CC5C00261CB8 /* Assets.xcassets */; };
		550FC7652805CC5C00261CB8 /* LaunchScreen.storyboard in Resources */ = {isa = PBXBuildFile; fileRef = 550FC7632805CC5C00261CB8 /* LaunchScreen.storyboard */; };
		550FC7702805CC5C00261CB8 /* NewTests.swift in Sources */ = {isa = PBXBuildFile; fileRef = 550FC76F2805CC5C00261CB8 /* NewTests.swift */; };
		550FC77A2805CC5C00261CB8 /* NewUITests.swift in Sources */ = {isa = PBXBuildFile; fileRef = 550FC7792805CC5C00261CB8 /* NewUITests.swift */; };
		550FC77C2805CC5C00261CB8 /* NewUITestsLaunchTests.swift in Sources */ = {isa = PBXBuildFile; fileRef = 550FC77B2805CC5C00261CB8 /* NewUITestsLaunchTests.swift */; };
/* End PBXBuildFile section */

/* Begin PBXContainerItemProxy section */
		550FC76C2805CC5C00261CB8 /* PBXContainerItemProxy */ = {
			isa = PBXContainerItemProxy;
			containerPortal = 550FC74D2805CC5B00261CB8 /* Project object */;
			proxyType = 1;
			remoteGlobalIDString = 550FC7542805CC5B00261CB8;
			remoteInfo = New;
		};
		550FC7762805CC5C00261CB8 /* PBXContainerItemProxy */ = {
			isa = PBXContainerItemProxy;
			containerPortal = 550FC74D2805CC5B00261CB8 /* Project object */;
			proxyType = 1;
			remoteGlobalIDString = 550FC7542805CC5B00261CB8;
			remoteInfo = New;
		};
/* End PBXContainerItemProxy section */

/* Begin PBXFileReference section */
		550FC7552805CC5B00261CB8 /* New.app */ = {isa = PBXFileReference; explicitFileType = wrapper.application; includeInIndex = 0; path = New.app; sourceTree = BUILT_PRODUCTS_DIR; };
		550FC7582805CC5B00261CB8 /* AppDelegate.swift */ = {isa = PBXFileReference; lastKnownFileType = sourcecode.swift; path = AppDelegate.swift; sourceTree = "<group>"; };
		550FC75A2805CC5B00261CB8 /* SceneDelegate.swift */ = {isa = PBXFileReference; lastKnownFileType = sourcecode.swift; path = SceneDelegate.swift; sourceTree = "<group>"; };
		550FC75C2805CC5B00261CB8 /* ViewController.swift */ = {isa = PBXFileReference; lastKnownFileType = sourcecode.swift; path = ViewController.swift; sourceTree = "<group>"; };
		550FC75F2805CC5B00261CB8 /* Base */ = {isa = PBXFileReference; lastKnownFileType = file.storyboard; name = Base; path = Base.lproj/Main.storyboard; sourceTree = "<group>"; };
		550FC7612805CC5C00261CB8 /* Assets.xcassets */ = {isa = PBXFileReference; lastKnownFileType = folder.assetcatalog; path = Assets.xcassets; sourceTree = "<group>"; };
		550FC7642805CC5C00261CB8 /* Base */ = {isa = PBXFileReference; lastKnownFileType = file.storyboard; name = Base; path = Base.lproj/LaunchScreen.storyboard; sourceTree = "<group>"; };
		550FC7662805CC5C00261CB8 /* Info.plist */ = {isa = PBXFileReference; lastKnownFileType = text.plist.xml; path = Info.plist; sourceTree = "<group>"; };
		550FC76B2805CC5C00261CB8 /* NewTests.xctest */ = {isa = PBXFileReference; explicitFileType = wrapper.cfbundle; includeInIndex = 0; path = NewTests.xctest; sourceTree = BUILT_PRODUCTS_DIR; };
		550FC76F2805CC5C00261CB8 /* NewTests.swift */ = {isa = PBXFileReference; lastKnownFileType = sourcecode.swift; path = NewTests.swift; sourceTree = "<group>"; };
		550FC7752805CC5C00261CB8 /* NewUITests.xctest */ = {isa = PBXFileReference; explicitFileType = wrapper.cfbundle; includeInIndex = 0; path = NewUITests.xctest; sourceTree = BUILT_PRODUCTS_DIR; };
		550FC7792805CC5C00261CB8 /* NewUITests.swift */ = {isa = PBXFileReference; lastKnownFileType = sourcecode.swift; path = NewUITests.swift; sourceTree = "<group>"; };
		550FC77B2805CC5C00261CB8 /* NewUITestsLaunchTests.swift */ = {isa = PBXFileReference; lastKnownFileType = sourcecode.swift; path = NewUITestsLaunchTests.swift; sourceTree = "<group>"; };
/* End PBXFileReference section */

/* Begin PBXFrameworksBuildPhase section */
		550FC7522805CC5B00261CB8 /* Frameworks */ = {
			isa = PBXFrameworksBuildPhase;
			buildActionMask = 2147483647;
			files = (
			);
			runOnlyForDeploymentPostprocessing = 0;
		};
		550FC7682805CC5C00261CB8 /* Frameworks */ = {
			isa = PBXFrameworksBuildPhase;
			buildActionMask = 2147483647;
			files = (
			);
			runOnlyForDeploymentPostprocessing = 0;
		};
		550FC7722805CC5C00261CB8 /* Frameworks */ = {
			isa = PBXFrameworksBuildPhase;
			buildActionMask = 2147483647;
			files = (
			);
			runOnlyForDeploymentPostprocessing = 0;
		};
/* End PBXFrameworksBuildPhase section */

/* Begin PBXGroup section */
		550FC74C2805CC5B00261CB8 = {
			isa = PBXGroup;
			children = (
				550FC7572805CC5B00261CB8 /* New */,
				550FC76E2805CC5C00261CB8 /* NewTests */,
				550FC7782805CC5C00261CB8 /* NewUITests */,
				550FC7562805CC5B00261CB8 /* Products */,
			);
			sourceTree = "<group>";
		};
		550FC7562805CC5B00261CB8 /* Products */ = {
			isa = PBXGroup;
			children = (
				550FC7552805CC5B00261CB8 /* New.app */,
				550FC76B2805CC5C00261CB8 /* NewTests.xctest */,
				550FC7752805CC5C00261CB8 /* NewUITests.xctest */,
			);
			name = Products;
			sourceTree = "<group>";
		};
		550FC7572805CC5B00261CB8 /* New */ = {
			isa = PBXGroup;
			children = (
				550FC7582805CC5B00261CB8 /* AppDelegate.swift */,
				550FC75A2805CC5B00261CB8 /* SceneDelegate.swift */,
				550FC75C2805CC5B00261CB8 /* ViewController.swift */,
				550FC75E2805CC5B00261CB8 /* Main.storyboard */,
				550FC7612805CC5C00261CB8 /* Assets.xcassets */,
				550FC7632805CC5C00261CB8 /* LaunchScreen.storyboard */,
				550FC7662805CC5C00261CB8 /* Info.plist */,
			);
			path = New;
			sourceTree = "<group>";
		};
		550FC76E2805CC5C00261CB8 /* NewTests */ = {
			isa = PBXGroup;
			children = (
				550FC76F2805CC5C00261CB8 /* NewTests.swift */,
			);
			path = NewTests;
			sourceTree = "<group>";
		};
		550FC7782805CC5C00261CB8 /* NewUITests */ = {
			isa = PBXGroup;
			children = (
				550FC7792805CC5C00261CB8 /* NewUITests.swift */,
				550FC77B2805CC5C00261CB8 /* NewUITestsLaunchTests.swift */,
			);
			path = NewUITests;
			sourceTree = "<group>";
		};
/* End PBXGroup section */

/* Begin PBXNativeTarget section */
		550FC7542805CC5B00261CB8 /* New */ = {
			isa = PBXNativeTarget;
			buildConfigurationList = 550FC77F2805CC5C00261CB8 /* Build configuration list for PBXNativeTarget "New" */;
			buildPhases = (
				550FC7512805CC5B00261CB8 /* Sources */,
				550FC7522805CC5B00261CB8 /* Frameworks */,
				550FC7532805CC5B00261CB8 /* Resources */,
			);
			buildRules = (
			);
			dependencies = (
			);
			name = New;
			productName = New;
			productReference = 550FC7552805CC5B00261CB8 /* New.app */;
			productType = "com.apple.product-type.application";
		};
		550FC76A2805CC5C00261CB8 /* NewTests */ = {
			isa = PBXNativeTarget;
			buildConfigurationList = 550FC7822805CC5C00261CB8 /* Build configuration list for PBXNativeTarget "NewTests" */;
			buildPhases = (
				550FC7672805CC5C00261CB8 /* Sources */,
				550FC7682805CC5C00261CB8 /* Frameworks */,
				550FC7692805CC5C00261CB8 /* Resources */,
			);
			buildRules = (
			);
			dependencies = (
				550FC76D2805CC5C00261CB8 /* PBXTargetDependency */,
			);
			name = NewTests;
			productName = NewTests;
			productReference = 550FC76B2805CC5C00261CB8 /* NewTests.xctest */;
			productType = "com.apple.product-type.bundle.unit-test";
		};
		550FC7742805CC5C00261CB8 /* NewUITests */ = {
			isa = PBXNativeTarget;
			buildConfigurationList = 550FC7852805CC5C00261CB8 /* Build configuration list for PBXNativeTarget "NewUITests" */;
			buildPhases = (
				550FC7712805CC5C00261CB8 /* Sources */,
				550FC7722805CC5C00261CB8 /* Frameworks */,
				550FC7732805CC5C00261CB8 /* Resources */,
			);
			buildRules = (
			);
			dependencies = (
				550FC7772805CC5C00261CB8 /* PBXTargetDependency */,
			);
			name = NewUITests;
			productName = NewUITests;
			productReference = 550FC7752805CC5C00261CB8 /* NewUITests.xctest */;
			productType = "com.apple.product-type.bundle.ui-testing";
		};
/* End PBXNativeTarget section */

/* Begin PBXProject section */
		550FC74D2805CC5B00261CB8 /* Project object */ = {
			isa = PBXProject;
			attributes = {
				BuildIndependentTargetsInParallel = 1;
				LastSwiftUpdateCheck = 1330;
				LastUpgradeCheck = 1330;
				TargetAttributes = {
					550FC7542805CC5B00261CB8 = {
						CreatedOnToolsVersion = 13.3;
					};
					550FC76A2805CC5C00261CB8 = {
						CreatedOnToolsVersion = 13.3;
						TestTargetID = 550FC7542805CC5B00261CB8;
					};
					550FC7742805CC5C00261CB8 = {
						CreatedOnToolsVersion = 13.3;
						TestTargetID = 550FC7542805CC5B00261CB8;
					};
				};
			};
			buildConfigurationList = 550FC7502805CC5B00261CB8 /* Build configuration list for PBXProject "New" */;
			compatibilityVersion = "Xcode 13.0";
			developmentRegion = en;
			hasScannedForEncodings = 0;
			knownRegions = (
				en,
				Base,
			);
			mainGroup = 550FC74C2805CC5B00261CB8;
			productRefGroup = 550FC7562805CC5B00261CB8 /* Products */;
			projectDirPath = "";
			projectRoot = "";
			targets = (
				550FC7542805CC5B00261CB8 /* New */,
				550FC76A2805CC5C00261CB8 /* NewTests */,
				550FC7742805CC5C00261CB8 /* NewUITests */,
			);
		};
/* End PBXProject section */

/* Begin PBXResourcesBuildPhase section */
		550FC7532805CC5B00261CB8 /* Resources */ = {
			isa = PBXResourcesBuildPhase;
			buildActionMask = 2147483647;
			files = (
				550FC7652805CC5C00261CB8 /* LaunchScreen.storyboard in Resources */,
				550FC7622805CC5C00261CB8 /* Assets.xcassets in Resources */,
				550FC7602805CC5B00261CB8 /* Main.storyboard in Resources */,
			);
			runOnlyForDeploymentPostprocessing = 0;
		};
		550FC7692805CC5C00261CB8 /* Resources */ = {
			isa = PBXResourcesBuildPhase;
			buildActionMask = 2147483647;
			files = (
			);
			runOnlyForDeploymentPostprocessing = 0;
		};
		550FC7732805CC5C00261CB8 /* Resources */ = {
			isa = PBXResourcesBuildPhase;
			buildActionMask = 2147483647;
			files = (
			);
			runOnlyForDeploymentPostprocessing = 0;
		};
/* End PBXResourcesBuildPhase section */

/* Begin PBXSourcesBuildPhase section */
		550FC7512805CC5B00261CB8 /* Sources */ = {
			isa = PBXSourcesBuildPhase;
			buildActionMask = 2147483647;
			files = (
				550FC75D2805CC5B00261CB8 /* ViewController.swift in Sources */,
				550FC7592805CC5B00261CB8 /* AppDelegate.swift in Sources */,
				550FC75B2805CC5B00261CB8 /* SceneDelegate.swift in Sources */,
			);
			runOnlyForDeploymentPostprocessing = 0;
		};
		550FC7672805CC5C00261CB8 /* Sources */ = {
			isa = PBXSourcesBuildPhase;
			buildActionMask = 2147483647;
			files = (
				550FC7702805CC5C00261CB8 /* NewTests.swift in Sources */,
			);
			runOnlyForDeploymentPostprocessing = 0;
		};
		550FC7712805CC5C00261CB8 /* Sources */ = {
			isa = PBXSourcesBuildPhase;
			buildActionMask = 2147483647;
			files = (
				550FC77A2805CC5C00261CB8 /* NewUITests.swift in Sources */,
				550FC77C2805CC5C00261CB8 /* NewUITestsLaunchTests.swift in Sources */,
			);
			runOnlyForDeploymentPostprocessing = 0;
		};
/* End PBXSourcesBuildPhase section */

/* Begin PBXTargetDependency section */
		550FC76D2805CC5C00261CB8 /* PBXTargetDependency */ = {
			isa = PBXTargetDependency;
			target = 550FC7542805CC5B00261CB8 /* New */;
			targetProxy = 550FC76C2805CC5C00261CB8 /* PBXContainerItemProxy */;
		};
		550FC7772805CC5C00261CB8 /* PBXTargetDependency */ = {
			isa = PBXTargetDependency;
			target = 550FC7542805CC5B00261CB8 /* New */;
			targetProxy = 550FC7762805CC5C00261CB8 /* PBXContainerItemProxy */;
		};
/* End PBXTargetDependency section */

/* Begin PBXVariantGroup section */
		550FC75E2805CC5B00261CB8 /* Main.storyboard */ = {
			isa = PBXVariantGroup;
			children = (
				550FC75F2805CC5B00261CB8 /* Base */,
			);
			name = Main.storyboard;
			sourceTree = "<group>";
		};
		550FC7632805CC5C00261CB8 /* LaunchScreen.storyboard */ = {
			isa = PBXVariantGroup;
			children = (
				550FC7642805CC5C00261CB8 /* Base */,
			);
			name = LaunchScreen.storyboard;
			sourceTree = "<group>";
		};
/* End PBXVariantGroup section */

/* Begin XCBuildConfiguration section */
		550FC77D2805CC5C00261CB8 /* Debug */ = {
			isa = XCBuildConfiguration;
			buildSettings = {
				ALWAYS_SEARCH_USER_PATHS = NO;
				CLANG_ANALYZER_NONNULL = YES;
				CLANG_ANALYZER_NUMBER_OBJECT_CONVERSION = YES_AGGRESSIVE;
				CLANG_CXX_LANGUAGE_STANDARD = "gnu++17";
				CLANG_ENABLE_MODULES = YES;
				CLANG_ENABLE_OBJC_ARC = YES;
				CLANG_ENABLE_OBJC_WEAK = YES;
				CLANG_WARN_BLOCK_CAPTURE_AUTORELEASING = YES;
				CLANG_WARN_BOOL_CONVERSION = YES;
				CLANG_WARN_COMMA = YES;
				CLANG_WARN_CONSTANT_CONVERSION = YES;
				CLANG_WARN_DEPRECATED_OBJC_IMPLEMENTATIONS = YES;
				CLANG_WARN_DIRECT_OBJC_ISA_USAGE = YES_ERROR;
				CLANG_WARN_DOCUMENTATION_COMMENTS = YES;
				CLANG_WARN_EMPTY_BODY = YES;
				CLANG_WARN_ENUM_CONVERSION = YES;
				CLANG_WARN_INFINITE_RECURSION = YES;
				CLANG_WARN_INT_CONVERSION = YES;
				CLANG_WARN_NON_LITERAL_NULL_CONVERSION = YES;
				CLANG_WARN_OBJC_IMPLICIT_RETAIN_SELF = YES;
				CLANG_WARN_OBJC_LITERAL_CONVERSION = YES;
				CLANG_WARN_OBJC_ROOT_CLASS = YES_ERROR;
				CLANG_WARN_QUOTED_INCLUDE_IN_FRAMEWORK_HEADER = YES;
				CLANG_WARN_RANGE_LOOP_ANALYSIS = YES;
				CLANG_WARN_STRICT_PROTOTYPES = YES;
				CLANG_WARN_SUSPICIOUS_MOVE = YES;
				CLANG_WARN_UNGUARDED_AVAILABILITY = YES_AGGRESSIVE;
				CLANG_WARN_UNREACHABLE_CODE = YES;
				CLANG_WARN__DUPLICATE_METHOD_MATCH = YES;
				COPY_PHASE_STRIP = NO;
				DEBUG_INFORMATION_FORMAT = dwarf;
				ENABLE_STRICT_OBJC_MSGSEND = YES;
				ENABLE_TESTABILITY = YES;
				GCC_C_LANGUAGE_STANDARD = gnu11;
				GCC_DYNAMIC_NO_PIC = NO;
				GCC_NO_COMMON_BLOCKS = YES;
				GCC_OPTIMIZATION_LEVEL = 0;
				GCC_PREPROCESSOR_DEFINITIONS = (
					"DEBUG=1",
					"$(inherited)",
				);
				GCC_WARN_64_TO_32_BIT_CONVERSION = YES;
				GCC_WARN_ABOUT_RETURN_TYPE = YES_ERROR;
				GCC_WARN_UNDECLARED_SELECTOR = YES;
				GCC_WARN_UNINITIALIZED_AUTOS = YES_AGGRESSIVE;
				GCC_WARN_UNUSED_FUNCTION = YES;
				GCC_WARN_UNUSED_VARIABLE = YES;
				IPHONEOS_DEPLOYMENT_TARGET = 15.4;
				MTL_ENABLE_DEBUG_INFO = INCLUDE_SOURCE;
				MTL_FAST_MATH = YES;
				ONLY_ACTIVE_ARCH = YES;
				SDKROOT = iphoneos;
				SWIFT_ACTIVE_COMPILATION_CONDITIONS = DEBUG;
				SWIFT_OPTIMIZATION_LEVEL = "-Onone";
			};
			name = Debug;
		};
		550FC77E2805CC5C00261CB8 /* Release */ = {
			isa = XCBuildConfiguration;
			buildSettings = {
				ALWAYS_SEARCH_USER_PATHS = NO;
				CLANG_ANALYZER_NONNULL = YES;
				CLANG_ANALYZER_NUMBER_OBJECT_CONVERSION = YES_AGGRESSIVE;
				CLANG_CXX_LANGUAGE_STANDARD = "gnu++17";
				CLANG_ENABLE_MODULES = YES;
				CLANG_ENABLE_OBJC_ARC = YES;
				CLANG_ENABLE_OBJC_WEAK = YES;
				CLANG_WARN_BLOCK_CAPTURE_AUTORELEASING = YES;
				CLANG_WARN_BOOL_CONVERSION = YES;
				CLANG_WARN_COMMA = YES;
				CLANG_WARN_CONSTANT_CONVERSION = YES;
				CLANG_WARN_DEPRECATED_OBJC_IMPLEMENTATIONS = YES;
				CLANG_WARN_DIRECT_OBJC_ISA_USAGE = YES_ERROR;
				CLANG_WARN_DOCUMENTATION_COMMENTS = YES;
				CLANG_WARN_EMPTY_BODY = YES;
				CLANG_WARN_ENUM_CONVERSION = YES;
				CLANG_WARN_INFINITE_RECURSION = YES;
				CLANG_WARN_INT_CONVERSION = YES;
				CLANG_WARN_NON_LITERAL_NULL_CONVERSION = YES;
				CLANG_WARN_OBJC_IMPLICIT_RETAIN_SELF = YES;
				CLANG_WARN_OBJC_LITERAL_CONVERSION = YES;
				CLANG_WARN_OBJC_ROOT_CLASS = YES_ERROR;
				CLANG_WARN_QUOTED_INCLUDE_IN_FRAMEWORK_HEADER = YES;
				CLANG_WARN_RANGE_LOOP_ANALYSIS = YES;
				CLANG_WARN_STRICT_PROTOTYPES = YES;
				CLANG_WARN_SUSPICIOUS_MOVE = YES;
				CLANG_WARN_UNGUARDED_AVAILABILITY = YES_AGGRESSIVE;
				CLANG_WARN_UNREACHABLE_CODE = YES;
				CLANG_WARN__DUPLICATE_METHOD_MATCH = YES;
				COPY_PHASE_STRIP = NO;
				DEBUG_INFORMATION_FORMAT = "dwarf-with-dsym";
				ENABLE_NS_ASSERTIONS = NO;
				ENABLE_STRICT_OBJC_MSGSEND = YES;
				GCC_C_LANGUAGE_STANDARD = gnu11;
				GCC_NO_COMMON_BLOCKS = YES;
				GCC_WARN_64_TO_32_BIT_CONVERSION = YES;
				GCC_WARN_ABOUT_RETURN_TYPE = YES_ERROR;
				GCC_WARN_UNDECLARED_SELECTOR = YES;
				GCC_WARN_UNINITIALIZED_AUTOS = YES_AGGRESSIVE;
				GCC_WARN_UNUSED_FUNCTION = YES;
				GCC_WARN_UNUSED_VARIABLE = YES;
				IPHONEOS_DEPLOYMENT_TARGET = 15.4;
				MTL_ENABLE_DEBUG_INFO = NO;
				MTL_FAST_MATH = YES;
				SDKROOT = iphoneos;
				SWIFT_COMPILATION_MODE = wholemodule;
				SWIFT_OPTIMIZATION_LEVEL = "-O";
				VALIDATE_PRODUCT = YES;
			};
			name = Release;
		};
		550FC7802805CC5C00261CB8 /* Debug */ = {
			isa = XCBuildConfiguration;
			buildSettings = {
				ASSETCATALOG_COMPILER_APPICON_NAME = AppIcon;
				ASSETCATALOG_COMPILER_GLOBAL_ACCENT_COLOR_NAME = AccentColor;
				CODE_SIGN_STYLE = Automatic;
				CURRENT_PROJECT_VERSION = 1;
				DEVELOPMENT_TEAM = QKHTGD4FUR;
				GENERATE_INFOPLIST_FILE = YES;
				INFOPLIST_FILE = New/Info.plist;
				INFOPLIST_KEY_UIApplicationSupportsIndirectInputEvents = YES;
				INFOPLIST_KEY_UILaunchStoryboardName = LaunchScreen;
				INFOPLIST_KEY_UIMainStoryboardFile = Main;
				INFOPLIST_KEY_UISupportedInterfaceOrientations_iPad = "UIInterfaceOrientationPortrait UIInterfaceOrientationPortraitUpsideDown UIInterfaceOrientationLandscapeLeft UIInterfaceOrientationLandscapeRight";
				INFOPLIST_KEY_UISupportedInterfaceOrientations_iPhone = "UIInterfaceOrientationPortrait UIInterfaceOrientationLandscapeLeft UIInterfaceOrientationLandscapeRight";
				LD_RUNPATH_SEARCH_PATHS = (
					"$(inherited)",
					"@executable_path/Frameworks",
				);
				MARKETING_VERSION = 1.0;
				PRODUCT_BUNDLE_IDENTIFIER = dem.New;
				PRODUCT_NAME = "$(TARGET_NAME)";
				SWIFT_EMIT_LOC_STRINGS = YES;
				SWIFT_VERSION = 5.0;
				TARGETED_DEVICE_FAMILY = "1,2";
			};
			name = Debug;
		};
		550FC7812805CC5C00261CB8 /* Release */ = {
			isa = XCBuildConfiguration;
			buildSettings = {
				ASSETCATALOG_COMPILER_APPICON_NAME = AppIcon;
				ASSETCATALOG_COMPILER_GLOBAL_ACCENT_COLOR_NAME = AccentColor;
				CODE_SIGN_STYLE = Automatic;
				CURRENT_PROJECT_VERSION = 1;
				DEVELOPMENT_TEAM = QKHTGD4FUR;
				GENERATE_INFOPLIST_FILE = YES;
				INFOPLIST_FILE = New/Info.plist;
				INFOPLIST_KEY_UIApplicationSupportsIndirectInputEvents = YES;
				INFOPLIST_KEY_UILaunchStoryboardName = LaunchScreen;
				INFOPLIST_KEY_UIMainStoryboardFile = Main;
				INFOPLIST_KEY_UISupportedInterfaceOrientations_iPad = "UIInterfaceOrientationPortrait UIInterfaceOrientationPortraitUpsideDown UIInterfaceOrientationLandscapeLeft UIInterfaceOrientationLandscapeRight";
				INFOPLIST_KEY_UISupportedInterfaceOrientations_iPhone = "UIInterfaceOrientationPortrait UIInterfaceOrientationLandscapeLeft UIInterfaceOrientationLandscapeRight";
				LD_RUNPATH_SEARCH_PATHS = (
					"$(inherited)",
					"@executable_path/Frameworks",
				);
				MARKETING_VERSION = 1.0;
				PRODUCT_BUNDLE_IDENTIFIER = dem.New;
				PRODUCT_NAME = "$(TARGET_NAME)";
				SWIFT_EMIT_LOC_STRINGS = YES;
				SWIFT_VERSION = 5.0;
				TARGETED_DEVICE_FAMILY = "1,2";
			};
			name = Release;
		};
		550FC7832805CC5C00261CB8 /* Debug */ = {
			isa = XCBuildConfiguration;
			buildSettings = {
				ALWAYS_EMBED_SWIFT_STANDARD_LIBRARIES = YES;
				BUNDLE_LOADER = "$(TEST_HOST)";
				CODE_SIGN_STYLE = Automatic;
				CURRENT_PROJECT_VERSION = 1;
				DEVELOPMENT_TEAM = QKHTGD4FUR;
				GENERATE_INFOPLIST_FILE = YES;
				IPHONEOS_DEPLOYMENT_TARGET = 15.4;
				MARKETING_VERSION = 1.0;
				PRODUCT_BUNDLE_IDENTIFIER = dem.NewTests;
				PRODUCT_NAME = "$(TARGET_NAME)";
				SWIFT_EMIT_LOC_STRINGS = NO;
				SWIFT_VERSION = 5.0;
				TARGETED_DEVICE_FAMILY = "1,2";
				TEST_HOST = "$(BUILT_PRODUCTS_DIR)/New.app/New";
			};
			name = Debug;
		};
		550FC7842805CC5C00261CB8 /* Release */ = {
			isa = XCBuildConfiguration;
			buildSettings = {
				ALWAYS_EMBED_SWIFT_STANDARD_LIBRARIES = YES;
				BUNDLE_LOADER = "$(TEST_HOST)";
				CODE_SIGN_STYLE = Automatic;
				CURRENT_PROJECT_VERSION = 1;
				DEVELOPMENT_TEAM = QKHTGD4FUR;
				GENERATE_INFOPLIST_FILE = YES;
				IPHONEOS_DEPLOYMENT_TARGET = 15.4;
				MARKETING_VERSION = 1.0;
				PRODUCT_BUNDLE_IDENTIFIER = dem.NewTests;
				PRODUCT_NAME = "$(TARGET_NAME)";
				SWIFT_EMIT_LOC_STRINGS = NO;
				SWIFT_VERSION = 5.0;
				TARGETED_DEVICE_FAMILY = "1,2";
				TEST_HOST = "$(BUILT_PRODUCTS_DIR)/New.app/New";
			};
			name = Release;
		};
		550FC7862805CC5C00261CB8 /* Debug */ = {
			isa = XCBuildConfiguration;
			buildSettings = {
				ALWAYS_EMBED_SWIFT_STANDARD_LIBRARIES = YES;
				CODE_SIGN_STYLE = Automatic;
				CURRENT_PROJECT_VERSION = 1;
				DEVELOPMENT_TEAM = QKHTGD4FUR;
				GENERATE_INFOPLIST_FILE = YES;
				MARKETING_VERSION = 1.0;
				PRODUCT_BUNDLE_IDENTIFIER = dem.NewUITests;
				PRODUCT_NAME = "$(TARGET_NAME)";
				SWIFT_EMIT_LOC_STRINGS = NO;
				SWIFT_VERSION = 5.0;
				TARGETED_DEVICE_FAMILY = "1,2";
				TEST_TARGET_NAME = New;
			};
			name = Debug;
		};
		550FC7872805CC5C00261CB8 /* Release */ = {
			isa = XCBuildConfiguration;
			buildSettings = {
				ALWAYS_EMBED_SWIFT_STANDARD_LIBRARIES = YES;
				CODE_SIGN_STYLE = Automatic;
				CURRENT_PROJECT_VERSION = 1;
				DEVELOPMENT_TEAM = QKHTGD4FUR;
				GENERATE_INFOPLIST_FILE = YES;
				MARKETING_VERSION = 1.0;
				PRODUCT_BUNDLE_IDENTIFIER = dem.NewUITests;
				PRODUCT_NAME = "$(TARGET_NAME)";
				SWIFT_EMIT_LOC_STRINGS = NO;
				SWIFT_VERSION = 5.0;
				TARGETED_DEVICE_FAMILY = "1,2";
				TEST_TARGET_NAME = New;
			};
			name = Release;
		};
/* End XCBuildConfiguration section */

/* Begin XCConfigurationList section */
		550FC7502805CC5B00261CB8 /* Build configuration list for PBXProject "New" */ = {
			isa = XCConfigurationList;
			buildConfigurations = (
				550FC77D2805CC5C00261CB8 /* Debug */,
				550FC77E2805CC5C00261CB8 /* Release */,
			);
			defaultConfigurationIsVisible = 0;
			defaultConfigurationName = Release;
		};
		550FC77F2805CC5C00261CB8 /* Build configuration list for PBXNativeTarget "New" */ = {
			isa = XCConfigurationList;
			buildConfigurations = (
				550FC7802805CC5C00261CB8 /* Debug */,
				550FC7812805CC5C00261CB8 /* Release */,
			);
			defaultConfigurationIsVisible = 0;
			defaultConfigurationName = Release;
		};
		550FC7822805CC5C00261CB8 /* Build configuration list for PBXNativeTarget "NewTests" */ = {
			isa = XCConfigurationList;
			buildConfigurations = (
				550FC7832805CC5C00261CB8 /* Debug */,
				550FC7842805CC5C00261CB8 /* Release */,
			);
			defaultConfigurationIsVisible = 0;
			defaultConfigurationName = Release;
		};
		550FC7852805CC5C00261CB8 /* Build configuration list for PBXNativeTarget "NewUITests" */ = {
			isa = XCConfigurationList;
			buildConfigurations = (
				550FC7862805CC5C00261CB8 /* Debug */,
				550FC7872805CC5C00261CB8 /* Release */,
			);
			defaultConfigurationIsVisible = 0;
			defaultConfigurationName = Release;
		};
/* End XCConfigurationList section */
	};
	rootObject = 550FC74D2805CC5B00261CB8 /* Project object */;
}
